%{"benchee": {:hex, :benchee, "0.6.0", "c2565506c621ee010e71d05f555e39a1b937e00810e284bc85463a4d4efc4b00", [:mix], [{:deep_merge, "~> 0.1", [hex: :deep_merge, optional: false]}]},
  "deep_merge": {:hex, :deep_merge, "0.1.1", "c27866a7524a337b6a039eeb8dd4f17d458fd40fbbcb8c54661b71a22fffe846", [:mix], []},
  "dialyxir": {:hex, :dialyxir, "0.5.0", "5bc543f9c28ecd51b99cc1a685a3c2a1a93216990347f259406a910cf048d1d7", [:mix], []},
  "earmark": {:hex, :earmark, "1.2.0", "bf1ce17aea43ab62f6943b97bd6e3dc032ce45d4f787504e3adf738e54b42f3a", [:mix], []},
  "ex_doc": {:hex, :ex_doc, "0.15.0", "e73333785eef3488cf9144a6e847d3d647e67d02bd6fdac500687854dd5c599f", [:mix], [{:earmark, "~> 1.1", [hex: :earmark, optional: false]}]},
  "excheck": {:hex, :excheck, "0.5.3", "7326a29cc5fdb6900e66dac205a6a70cc994e2fe037d39136817d7dab13cdabf", [:mix], []},
  "exprintf": {:hex, :exprintf, "0.2.1", "b7e895dfb00520cfb7fc1671303b63b37dc3897c59be7cbf1ae62f766a8a0314", [:mix], []},
  "exprof": {:hex, :exprof, "0.2.0", "b03f50d0d33e2f18c8e047d9188ba765dc32daba0b553ed717a98a78561d5eaf", [:mix], [{:exprintf, "~> 0.1", [hex: :exprintf, optional: false]}]},
  "poison": {:hex, :poison, "3.0.0", "625ebd64d33ae2e65201c2c14d6c85c27cc8b68f2d0dd37828fde9c6920dd131", [:mix], []},
  "pollution": {:hex, :pollution, "0.9.0", "2d172aeedc444f0fc06a69b03bb6a560fb141bcafcc0c8189c29b10ee6e50893", [:mix], []},
  "quixir": {:hex, :quixir, "0.9.1", "b9a45930f330ba485c1cb976afc9f5ceb14ebbe10faf755e0796bb971396c37c", [:mix], [{:pollution, "~> 0.9", [hex: :pollution, optional: false]}]},
  "triq": {:git, "https://github.com/triqng/triq.git", "2c497398e020e06db8496f1d89f12481cc5adab9", []}}
